
Microsoft Visual Studio Solution File, Format Version 12.00
# Visual Studio Version 16
VisualStudioVersion = 16.0.30225.117
MinimumVisualStudioVersion = 10.0.40219.1
Project("{FAE04EC0-301F-11D3-BF4B-00C04F79EFBC}") = "FonyRunwoman", "E:\Liam\Desktop\VS projects\FonyRunwoman\FonyRunwoman\FonyRunwoman.csproj", "{BF65BC1E-2D51-4193-BF4C-CF7659D7CC5A}"
EndProject
Global
	GlobalSection(SolutionConfigurationPlatforms) = preSolution
		Debug|Any CPU = Debug|Any CPU
		Release|Any CPU = Release|Any CPU
	EndGlobalSection
	GlobalSection(ProjectConfigurationPlatforms) = postSolution
		{BF65BC1E-2D51-4193-BF4C-CF7659D7CC5A}.Debug|Any CPU.ActiveCfg = Debug|Any CPU
		{BF65BC1E-2D51-4193-BF4C-CF7659D7CC5A}.Debug|Any CPU.Build.0 = Debug|Any CPU
		{BF65BC1E-2D51-4193-BF4C-CF7659D7CC5A}.Release|Any CPU.ActiveCfg = Release|Any CPU
		{BF65BC1E-2D51-4193-BF4C-CF7659D7CC5A}.Release|Any CPU.Build.0 = Release|Any CPU
	EndGlobalSection
	GlobalSection(SolutionProperties) = preSolution
		HideSolutionNode = FALSE
	EndGlobalSection
	GlobalSection(ExtensibilityGlobals) = postSolution
		SolutionGuid = {E188826F-E217-4056-B521-F7AB0FD23DCA}
	EndGlobalSection
EndGlobal
